
Microsoft Visual Studio Solution File, Format Version 12.00
# Visual Studio Version 17
VisualStudioVersion = 17.8.34309.116
MinimumVisualStudioVersion = 10.0.40219.1
Project("{FAE04EC0-301F-11D3-BF4B-00C04F79EFBC}") = "ATM", "ATM\ATM.csproj", "{793487E4-C06F-42EF-8107-EDEA315281C5}"
EndProject
Global
	GlobalSection(SolutionConfigurationPlatforms) = preSolution
		Debug|Any CPU = Debug|Any CPU
		Release|Any CPU = Release|Any CPU
	EndGlobalSection
	GlobalSection(ProjectConfigurationPlatforms) = postSolution
		{793487E4-C06F-42EF-8107-EDEA315281C5}.Debug|Any CPU.ActiveCfg = Debug|Any CPU
		{793487E4-C06F-42EF-8107-EDEA315281C5}.Debug|Any CPU.Build.0 = Debug|Any CPU
		{793487E4-C06F-42EF-8107-EDEA315281C5}.Release|Any CPU.ActiveCfg = Release|Any CPU
		{793487E4-C06F-42EF-8107-EDEA315281C5}.Release|Any CPU.Build.0 = Release|Any CPU
	EndGlobalSection
	GlobalSection(SolutionProperties) = preSolution
		HideSolutionNode = FALSE
	EndGlobalSection
	GlobalSection(ExtensibilityGlobals) = postSolution
		SolutionGuid = {7F2FF39D-BECE-4256-961B-D343DA621CE5}
	EndGlobalSection
EndGlobal
